PODS:
  - XKBaseControllerSwift (1.0.2)

DEPENDENCIES:
  - XKBaseControllerSwift (from `../`)

EXTERNAL SOURCES:
  XKBaseControllerSwift:
    :path: "../"

SPEC CHECKSUMS:
  XKBaseControllerSwift: 34696e354ab68754d251cf8d3faa789a72d39074

PODFILE CHECKSUM: 35f019d2104d31e88504236369d1be95f3f6ea7a

COCOAPODS: 1.11.2
